{
    "requires": true,
    "lockfileVersion": 1,
    "dependencies": {
        "@alloc/quick-lru": {
            "version": "5.2.0",
            "resolved": "https://www.myget.org/F/oxx-npm/npm/@alloc/quick-lru/-/@alloc/quick-lru-5.2.0.tgz",
            "integrity": "sha1-e/aLIMCjUPk2kV/K4G9Y4yAHzjA=",
            "dev": true
        },
        "@jridgewell/gen-mapping": {
            "version": "0.3.3",
            "resolved": "https://www.myget.org/F/oxx-npm/npm/@jridgewell/gen-mapping/-/@jridgewell/gen-mapping-0.3.3.tgz",
            "integrity": "sha1-fgLm6135AartsIUUIDsJZhQCQJg=",
            "dev": true,
            "requires": {
                "@jridgewell/set-array": "^1.0.1",
                "@jridgewell/sourcemap-codec": "^1.4.10",
                "@jridgewell/trace-mapping": "^0.3.9"
            }
        },
        "@jridgewell/resolve-uri": {
            "version": "3.1.1",
            "resolved": "https://www.myget.org/F/oxx-npm/npm/@jridgewell/resolve-uri/-/@jridgewell/resolve-uri-3.1.1.tgz",
            "integrity": "sha1-wIZ5Bj8nlhWjMmWDujqQ0dgsxyE=",
            "dev": true
        },
        "@jridgewell/set-array": {
            "version": "1.1.2",
            "resolved": "https://www.myget.org/F/oxx-npm/npm/@jridgewell/set-array/-/@jridgewell/set-array-1.1.2.tgz",
            "integrity": "sha1-fGz5mNbSC5FMClWpGuko/yWWXnI=",
            "dev": true
        },
        "@jridgewell/sourcemap-codec": {
            "version": "1.4.15",
            "resolved": "https://www.myget.org/F/oxx-npm/npm/@jridgewell/sourcemap-codec/-/@jridgewell/sourcemap-codec-1.4.15.tgz",
            "integrity": "sha1-18bmdVx4VnqVHgSrUu8P0m3lnzI=",
            "dev": true
        },
        "@jridgewell/trace-mapping": {
            "version": "0.3.19",
            "resolved": "https://www.myget.org/F/oxx-npm/npm/@jridgewell/trace-mapping/-/@jridgewell/trace-mapping-0.3.19.tgz",
            "integrity": "sha1-+KMkmGL5G+SNMSfDz+mS95tLiBE=",
            "dev": true,
            "requires": {
                "@jridgewell/resolve-uri": "^3.1.0",
                "@jridgewell/sourcemap-codec": "^1.4.14"
            }
        },
        "@nodelib/fs.scandir": {
            "version": "2.1.5",
            "resolved": "https://www.myget.org/F/oxx-npm/npm/@nodelib/fs.scandir/-/@nodelib/fs.scandir-2.1.5.tgz",
            "integrity": "sha1-dhnC6yGyVIP20WdUi0z9WnSIw9U=",
            "dev": true,
            "requires": {
                "@nodelib/fs.stat": "2.0.5",
                "run-parallel": "^1.1.9"
            }
        },
        "@nodelib/fs.stat": {
            "version": "2.0.5",
            "resolved": "https://www.myget.org/F/oxx-npm/npm/@nodelib/fs.stat/-/@nodelib/fs.stat-2.0.5.tgz",
            "integrity": "sha1-W9Jir5Tp0lvR5xsF3u1Eh2oiLos=",
            "dev": true
        },
        "@nodelib/fs.walk": {
            "version": "1.2.8",
            "resolved": "https://www.myget.org/F/oxx-npm/npm/@nodelib/fs.walk/-/@nodelib/fs.walk-1.2.8.tgz",
            "integrity": "sha1-6Vc36LtnRt3t9pxVaVNJTxlv5po=",
            "dev": true,
            "requires": {
                "@nodelib/fs.scandir": "2.1.5",
                "fastq": "^1.6.0"
            }
        },
        "any-promise": {
            "version": "1.3.0",
            "resolved": "https://www.myget.org/F/oxx-npm/npm/any-promise/-/any-promise-1.3.0.tgz",
            "integrity": "sha1-q8av7tzqUugJzcA3au0845Y10X8=",
            "dev": true
        },
        "anymatch": {
            "version": "3.1.3",
            "resolved": "https://www.myget.org/F/oxx-npm/npm/anymatch/-/anymatch-3.1.3.tgz",
            "integrity": "sha1-eQxYsZuhcgqEIFtXxhjVrYUklz4=",
            "dev": true,
            "requires": {
                "normalize-path": "^3.0.0",
                "picomatch": "^2.0.4"
            }
        },
        "arg": {
            "version": "5.0.2",
            "resolved": "https://www.myget.org/F/oxx-npm/npm/arg/-/arg-5.0.2.tgz",
            "integrity": "sha1-yBQzzEJ8ksTc9IZRQtvKbxWs1Zw=",
            "dev": true
        },
        "balanced-match": {
            "version": "1.0.2",
            "resolved": "https://www.myget.org/F/oxx-npm/npm/balanced-match/-/balanced-match-1.0.2.tgz",
            "integrity": "sha1-6D46fj8wCzTLnYf2FfoMvzV2kO4=",
            "dev": true
        },
        "binary-extensions": {
            "version": "2.2.0",
            "resolved": "https://www.myget.org/F/oxx-npm/npm/binary-extensions/-/binary-extensions-2.2.0.tgz",
            "integrity": "sha1-dfUC7q+f/eQvyYgpZFvk6na9ni0=",
            "dev": true
        },
        "brace-expansion": {
            "version": "1.1.11",
            "resolved": "https://www.myget.org/F/oxx-npm/npm/brace-expansion/-/brace-expansion-1.1.11.tgz",
            "integrity": "sha1-PH/L9SnYcibz0vUrlm/1Jx60Qd0=",
            "dev": true,
            "requires": {
                "balanced-match": "^1.0.0",
                "concat-map": "0.0.1"
            }
        },
        "braces": {
            "version": "3.0.2",
            "resolved": "https://www.myget.org/F/oxx-npm/npm/braces/-/braces-3.0.2.tgz",
            "integrity": "sha1-NFThpGLujVmeI23zNs2epPiv4Qc=",
            "dev": true,
            "requires": {
                "fill-range": "^7.0.1"
            }
        },
        "camelcase-css": {
            "version": "2.0.1",
            "resolved": "https://www.myget.org/F/oxx-npm/npm/camelcase-css/-/camelcase-css-2.0.1.tgz",
            "integrity": "sha1-7pePaUeRTMMMa0R0G27R338EP9U=",
            "dev": true
        },
        "chokidar": {
            "version": "3.5.3",
            "resolved": "https://www.myget.org/F/oxx-npm/npm/chokidar/-/chokidar-3.5.3.tgz",
            "integrity": "sha1-HPN8hwe5Mr0a8a4iwEMuKs0ZA70=",
            "dev": true,
            "requires": {
                "anymatch": "~3.1.2",
                "braces": "~3.0.2",
                "fsevents": "~2.3.2",
                "glob-parent": "~5.1.2",
                "is-binary-path": "~2.1.0",
                "is-glob": "~4.0.1",
                "normalize-path": "~3.0.0",
                "readdirp": "~3.6.0"
            },
            "dependencies": {
                "glob-parent": {
                    "version": "5.1.2",
                    "resolved": "https://www.myget.org/F/oxx-npm/npm/glob-parent/-/glob-parent-5.1.2.tgz",
                    "integrity": "sha1-hpgyxYA0/mikCTwX3BXoNA2EAcQ=",
                    "dev": true,
                    "requires": {
                        "is-glob": "^4.0.1"
                    }
                }
            }
        },
        "commander": {
            "version": "4.1.1",
            "resolved": "https://www.myget.org/F/oxx-npm/npm/commander/-/commander-4.1.1.tgz",
            "integrity": "sha1-n9YCvZNilOnp70aj9NaWQESxgGg=",
            "dev": true
        },
        "concat-map": {
            "version": "0.0.1",
            "resolved": "https://www.myget.org/F/oxx-npm/npm/concat-map/-/concat-map-0.0.1.tgz",
            "integrity": "sha1-2Klr13/Wjfd5OnMDajug1UBdR3s=",
            "dev": true
        },
        "cssesc": {
            "version": "3.0.0",
            "resolved": "https://www.myget.org/F/oxx-npm/npm/cssesc/-/cssesc-3.0.0.tgz",
            "integrity": "sha1-N3QZGZA7hoVl4cCep0dEXNGJg+4=",
            "dev": true
        },
        "didyoumean": {
            "version": "1.2.2",
            "resolved": "https://www.myget.org/F/oxx-npm/npm/didyoumean/-/didyoumean-1.2.2.tgz",
            "integrity": "sha1-mJNG/+noObRVXs9WZu3qDT6K0Dc=",
            "dev": true
        },
        "dlv": {
            "version": "1.1.3",
            "resolved": "https://www.myget.org/F/oxx-npm/npm/dlv/-/dlv-1.1.3.tgz",
            "integrity": "sha1-XBmKihFFNZbnUUlNSYdLx3MvLnk=",
            "dev": true
        },
        "fast-glob": {
            "version": "3.3.1",
            "resolved": "https://www.myget.org/F/oxx-npm/npm/fast-glob/-/fast-glob-3.3.1.tgz",
            "integrity": "sha1-eEtOiXNA89u+8XQTs/EazwPIdMQ=",
            "dev": true,
            "requires": {
                "@nodelib/fs.stat": "^2.0.2",
                "@nodelib/fs.walk": "^1.2.3",
                "glob-parent": "^5.1.2",
                "merge2": "^1.3.0",
                "micromatch": "^4.0.4"
            },
            "dependencies": {
                "glob-parent": {
                    "version": "5.1.2",
                    "resolved": "https://www.myget.org/F/oxx-npm/npm/glob-parent/-/glob-parent-5.1.2.tgz",
                    "integrity": "sha1-hpgyxYA0/mikCTwX3BXoNA2EAcQ=",
                    "dev": true,
                    "requires": {
                        "is-glob": "^4.0.1"
                    }
                }
            }
        },
        "fastq": {
            "version": "1.15.0",
            "resolved": "https://www.myget.org/F/oxx-npm/npm/fastq/-/fastq-1.15.0.tgz",
            "integrity": "sha1-0E0HxqKmj+RZn+qNLhA6k3+uazo=",
            "dev": true,
            "requires": {
                "reusify": "^1.0.4"
            }
        },
        "fill-range": {
            "version": "7.0.1",
            "resolved": "https://www.myget.org/F/oxx-npm/npm/fill-range/-/fill-range-7.0.1.tgz",
            "integrity": "sha1-GRmmp8df44ssfHflGYU12prN2kA=",
            "dev": true,
            "requires": {
                "to-regex-range": "^5.0.1"
            }
        },
        "fs.realpath": {
            "version": "1.0.0",
            "resolved": "https://www.myget.org/F/oxx-npm/npm/fs.realpath/-/fs.realpath-1.0.0.tgz",
            "integrity": "sha1-FQStJSMVjKpA20onh8sBQRmU6k8=",
            "dev": true
        },
        "fsevents": {
            "version": "2.3.3",
            "resolved": "https://www.myget.org/F/oxx-npm/npm/fsevents/-/fsevents-2.3.3.tgz",
            "integrity": "sha1-ysZAd4XQNnWipeGlMFxpezR9kNY=",
            "dev": true,
            "optional": true
        },
        "glob": {
            "version": "7.1.6",
            "resolved": "https://www.myget.org/F/oxx-npm/npm/glob/-/glob-7.1.6.tgz",
            "integrity": "sha1-FB8zuBp8JJLhJVlDB0gMRmeSeKY=",
            "dev": true,
            "requires": {
                "fs.realpath": "^1.0.0",
                "inflight": "^1.0.4",
                "inherits": "2",
                "minimatch": "^3.0.4",
                "once": "^1.3.0",
                "path-is-absolute": "^1.0.0"
            }
        },
        "glob-parent": {
            "version": "6.0.2",
            "resolved": "https://www.myget.org/F/oxx-npm/npm/glob-parent/-/glob-parent-6.0.2.tgz",
            "integrity": "sha1-bSN9mQg5UMeSkPJMdkKj3poo+eM=",
            "dev": true,
            "requires": {
                "is-glob": "^4.0.3"
            }
        },
        "has": {
            "version": "1.0.4",
            "resolved": "https://www.myget.org/F/oxx-npm/npm/has/-/has-1.0.4.tgz",
            "integrity": "sha1-LrKGDgAAEdrk8UBqhv6A5TD7LsY=",
            "dev": true
        },
        "inflight": {
            "version": "1.0.6",
            "resolved": "https://www.myget.org/F/oxx-npm/npm/inflight/-/inflight-1.0.6.tgz",
            "integrity": "sha1-Sb1jMdfQLQwJvJEKEHW6gWW1bfk=",
            "dev": true,
            "requires": {
                "once": "^1.3.0",
                "wrappy": "1"
            }
        },
        "inherits": {
            "version": "2.0.4",
            "resolved": "https://www.myget.org/F/oxx-npm/npm/inherits/-/inherits-2.0.4.tgz",
            "integrity": "sha1-D6LGT5MpF8NDOg3tVTY6rjdBa3w=",
            "dev": true
        },
        "is-binary-path": {
            "version": "2.1.0",
            "resolved": "https://www.myget.org/F/oxx-npm/npm/is-binary-path/-/is-binary-path-2.1.0.tgz",
            "integrity": "sha1-6h9/O4DwZCNug0cPhsCcJU+0Wwk=",
            "dev": true,
            "requires": {
                "binary-extensions": "^2.0.0"
            }
        },
        "is-core-module": {
            "version": "2.13.0",
            "resolved": "https://www.myget.org/F/oxx-npm/npm/is-core-module/-/is-core-module-2.13.0.tgz",
            "integrity": "sha1-u1Kqbiy9SaMMK6aMQr80Nbpgcts=",
            "dev": true,
            "requires": {
                "has": "^1.0.3"
            }
        },
        "is-extglob": {
            "version": "2.1.1",
            "resolved": "https://www.myget.org/F/oxx-npm/npm/is-extglob/-/is-extglob-2.1.1.tgz",
            "integrity": "sha1-qIwCU1eR8C7TfHahueqXc8gz+MI=",
            "dev": true
        },
        "is-glob": {
            "version": "4.0.3",
            "resolved": "https://www.myget.org/F/oxx-npm/npm/is-glob/-/is-glob-4.0.3.tgz",
            "integrity": "sha1-ZPYeQsu7LuwgcanawLKLoeZdUIQ=",
            "dev": true,
            "requires": {
                "is-extglob": "^2.1.1"
            }
        },
        "is-number": {
            "version": "7.0.0",
            "resolved": "https://www.myget.org/F/oxx-npm/npm/is-number/-/is-number-7.0.0.tgz",
            "integrity": "sha1-dTU0W4lnNNX4DE0GxQlVUnoU8Ss=",
            "dev": true
        },
        "jiti": {
            "version": "1.20.0",
            "resolved": "https://www.myget.org/F/oxx-npm/npm/jiti/-/jiti-1.20.0.tgz",
            "integrity": "sha1-LYI7WFLuiWNYXI3Yt5kv/BroO0I=",
            "dev": true
        },
        "lilconfig": {
            "version": "2.1.0",
            "resolved": "https://www.myget.org/F/oxx-npm/npm/lilconfig/-/lilconfig-2.1.0.tgz",
            "integrity": "sha1-eOI6yJ67fhv78lsYBD3nVlSOf1I=",
            "dev": true
        },
        "lines-and-columns": {
            "version": "1.2.4",
            "resolved": "https://www.myget.org/F/oxx-npm/npm/lines-and-columns/-/lines-and-columns-1.2.4.tgz",
            "integrity": "sha1-7KKE910pZQeTCdwK2SVauy68FjI=",
            "dev": true
        },
        "merge2": {
            "version": "1.4.1",
            "resolved": "https://www.myget.org/F/oxx-npm/npm/merge2/-/merge2-1.4.1.tgz",
            "integrity": "sha1-Q2iJL4hekHRVpv19xVwMnUBJkK4=",
            "dev": true
        },
        "micromatch": {
            "version": "4.0.5",
            "resolved": "https://www.myget.org/F/oxx-npm/npm/micromatch/-/micromatch-4.0.5.tgz",
            "integrity": "sha1-vImZp8u/d83InxMvbkZwUbSQkMY=",
            "dev": true,
            "requires": {
                "braces": "^3.0.2",
                "picomatch": "^2.3.1"
            }
        },
        "minimatch": {
            "version": "3.1.2",
            "resolved": "https://www.myget.org/F/oxx-npm/npm/minimatch/-/minimatch-3.1.2.tgz",
            "integrity": "sha1-Gc0ZS/0+Qo8EmnCBfAONiatL41s=",
            "dev": true,
            "requires": {
                "brace-expansion": "^1.1.7"
            }
        },
        "mz": {
            "version": "2.7.0",
            "resolved": "https://www.myget.org/F/oxx-npm/npm/mz/-/mz-2.7.0.tgz",
            "integrity": "sha1-lQCAV6Vsr63CvGPd5/n/aVWUjjI=",
            "dev": true,
            "requires": {
                "any-promise": "^1.0.0",
                "object-assign": "^4.0.1",
                "thenify-all": "^1.0.0"
            }
        },
        "nanoid": {
            "version": "3.3.6",
            "resolved": "https://www.myget.org/F/oxx-npm/npm/nanoid/-/nanoid-3.3.6.tgz",
            "integrity": "sha1-RDOAyFbW6fmCQmfZYLQjatWD6kw=",
            "dev": true
        },
        "normalize-path": {
            "version": "3.0.0",
            "resolved": "https://www.myget.org/F/oxx-npm/npm/normalize-path/-/normalize-path-3.0.0.tgz",
            "integrity": "sha1-Dc1p/yOhybEf0JeDFmRKA4ghamU=",
            "dev": true
        },
        "object-assign": {
            "version": "4.1.1",
            "resolved": "https://www.myget.org/F/oxx-npm/npm/object-assign/-/object-assign-4.1.1.tgz",
            "integrity": "sha1-IQmtx5ZYh8/AXLvUQsrIv7s2CGM=",
            "dev": true
        },
        "object-hash": {
            "version": "3.0.0",
            "resolved": "https://www.myget.org/F/oxx-npm/npm/object-hash/-/object-hash-3.0.0.tgz",
            "integrity": "sha1-c/l/dT57r/wOLMnW4HkHl0Ssguk=",
            "dev": true
        },
        "once": {
            "version": "1.4.0",
            "resolved": "https://www.myget.org/F/oxx-npm/npm/once/-/once-1.4.0.tgz",
            "integrity": "sha1-WDsap3WWHUsROsF9nFC6753Xa9E=",
            "dev": true,
            "requires": {
                "wrappy": "1"
            }
        },
        "path-is-absolute": {
            "version": "1.0.1",
            "resolved": "https://www.myget.org/F/oxx-npm/npm/path-is-absolute/-/path-is-absolute-1.0.1.tgz",
            "integrity": "sha1-F0uSaHNVNP+8es5r9TpanhtcX18=",
            "dev": true
        },
        "path-parse": {
            "version": "1.0.7",
            "resolved": "https://www.myget.org/F/oxx-npm/npm/path-parse/-/path-parse-1.0.7.tgz",
            "integrity": "sha1-+8EUtgykKzDZ2vWFjkvWi77bZzU=",
            "dev": true
        },
        "picocolors": {
            "version": "1.0.0",
            "resolved": "https://www.myget.org/F/oxx-npm/npm/picocolors/-/picocolors-1.0.0.tgz",
            "integrity": "sha1-y1vcdP8/UYkiNur3nWi8RFZKuBw=",
            "dev": true
        },
        "picomatch": {
            "version": "2.3.1",
            "resolved": "https://www.myget.org/F/oxx-npm/npm/picomatch/-/picomatch-2.3.1.tgz",
            "integrity": "sha1-O6ODNzNkbZ0+SZWUbBNlpn+wekI=",
            "dev": true
        },
        "pify": {
            "version": "2.3.0",
            "resolved": "https://www.myget.org/F/oxx-npm/npm/pify/-/pify-2.3.0.tgz",
            "integrity": "sha1-7RQaasBDqEnqWISY59yosVMw6Qw=",
            "dev": true
        },
        "pirates": {
            "version": "4.0.6",
            "resolved": "https://www.myget.org/F/oxx-npm/npm/pirates/-/pirates-4.0.6.tgz",
            "integrity": "sha1-MBiuMuz8/2wpuiJny/IRZqwfNrk=",
            "dev": true
        },
        "postcss": {
            "version": "8.4.31",
            "resolved": "https://www.myget.org/F/oxx-npm/npm/postcss/-/postcss-8.4.31.tgz",
            "integrity": "sha1-krRRBQqfkU2mdVrzUr3AGSUIZW0=",
            "dev": true,
            "requires": {
                "nanoid": "^3.3.6",
                "picocolors": "^1.0.0",
                "source-map-js": "^1.0.2"
            }
        },
        "postcss-import": {
            "version": "15.1.0",
            "resolved": "https://www.myget.org/F/oxx-npm/npm/postcss-import/-/postcss-import-15.1.0.tgz",
            "integrity": "sha1-QcZO2MwOI3NalpizJJ/9v3BK3HA=",
            "dev": true,
            "requires": {
                "postcss-value-parser": "^4.0.0",
                "read-cache": "^1.0.0",
                "resolve": "^1.1.7"
            }
        },
        "postcss-js": {
            "version": "4.0.1",
            "resolved": "https://www.myget.org/F/oxx-npm/npm/postcss-js/-/postcss-js-4.0.1.tgz",
            "integrity": "sha1-YVmBhvNwO6sFLxxPfYBfOZG+6dI=",
            "dev": true,
            "requires": {
                "camelcase-css": "^2.0.1"
            }
        },
        "postcss-load-config": {
            "version": "4.0.1",
            "resolved": "https://www.myget.org/F/oxx-npm/npm/postcss-load-config/-/postcss-load-config-4.0.1.tgz",
            "integrity": "sha1-FSOD9IHCdYJ0QE5JYnQxkdc4db0=",
            "dev": true,
            "requires": {
                "lilconfig": "^2.0.5",
                "yaml": "^2.1.1"
            }
        },
        "postcss-nested": {
            "version": "6.0.1",
            "resolved": "https://www.myget.org/F/oxx-npm/npm/postcss-nested/-/postcss-nested-6.0.1.tgz",
            "integrity": "sha1-+D3JhGyhbS9PqGTxbp2ffQlhZiw=",
            "dev": true,
            "requires": {
                "postcss-selector-parser": "^6.0.11"
            }
        },
        "postcss-selector-parser": {
            "version": "6.0.13",
            "resolved": "https://www.myget.org/F/oxx-npm/npm/postcss-selector-parser/-/postcss-selector-parser-6.0.13.tgz",
            "integrity": "sha1-0F2NdrHo4XMlfvnWC3Bqjl6Zvxs=",
            "dev": true,
            "requires": {
                "cssesc": "^3.0.0",
                "util-deprecate": "^1.0.2"
            }
        },
        "postcss-value-parser": {
            "version": "4.2.0",
            "resolved": "https://www.myget.org/F/oxx-npm/npm/postcss-value-parser/-/postcss-value-parser-4.2.0.tgz",
            "integrity": "sha1-cjwJkgg2um0+WvAZ+SvAlxwC5RQ=",
            "dev": true
        },
        "queue-microtask": {
            "version": "1.2.3",
            "resolved": "https://www.myget.org/F/oxx-npm/npm/queue-microtask/-/queue-microtask-1.2.3.tgz",
            "integrity": "sha1-SSkii7xyTfrEPg77BYyve2z7YkM=",
            "dev": true
        },
        "read-cache": {
            "version": "1.0.0",
            "resolved": "https://www.myget.org/F/oxx-npm/npm/read-cache/-/read-cache-1.0.0.tgz",
            "integrity": "sha1-5mTvMRYRZsl1HNvo28+GtftY93Q=",
            "dev": true,
            "requires": {
                "pify": "^2.3.0"
            }
        },
        "readdirp": {
            "version": "3.6.0",
            "resolved": "https://www.myget.org/F/oxx-npm/npm/readdirp/-/readdirp-3.6.0.tgz",
            "integrity": "sha1-dKNwvYVxFuJFspzJc0DNQxoCpsc=",
            "dev": true,
            "requires": {
                "picomatch": "^2.2.1"
            }
        },
        "resolve": {
            "version": "1.22.8",
            "resolved": "https://www.myget.org/F/oxx-npm/npm/resolve/-/resolve-1.22.8.tgz",
            "integrity": "sha1-tsh6nyqgbfq1Lj1wrIzeMh+lpI0=",
            "dev": true,
            "requires": {
                "is-core-module": "^2.13.0",
                "path-parse": "^1.0.7",
                "supports-preserve-symlinks-flag": "^1.0.0"
            }
        },
        "reusify": {
            "version": "1.0.4",
            "resolved": "https://www.myget.org/F/oxx-npm/npm/reusify/-/reusify-1.0.4.tgz",
            "integrity": "sha1-kNo4Kx4SbvwCFG6QhFqI2xKSXXY=",
            "dev": true
        },
        "run-parallel": {
            "version": "1.2.0",
            "resolved": "https://www.myget.org/F/oxx-npm/npm/run-parallel/-/run-parallel-1.2.0.tgz",
            "integrity": "sha1-ZtE2jae9+SHrnZW9GpIp5/IaQ+4=",
            "dev": true,
            "requires": {
                "queue-microtask": "^1.2.2"
            }
        },
        "source-map-js": {
            "version": "1.0.2",
            "resolved": "https://www.myget.org/F/oxx-npm/npm/source-map-js/-/source-map-js-1.0.2.tgz",
            "integrity": "sha1-rbw2HZxi3zgBJefxYfccgm8eSQw=",
            "dev": true
        },
        "sucrase": {
            "version": "3.34.0",
            "resolved": "https://www.myget.org/F/oxx-npm/npm/sucrase/-/sucrase-3.34.0.tgz",
            "integrity": "sha1-Hg4tj88H+LnDVpBn2S+9hpD7V28=",
            "dev": true,
            "requires": {
                "@jridgewell/gen-mapping": "^0.3.2",
                "commander": "^4.0.0",
                "glob": "7.1.6",
                "lines-and-columns": "^1.1.6",
                "mz": "^2.7.0",
                "pirates": "^4.0.1",
                "ts-interface-checker": "^0.1.9"
            }
        },
        "supports-preserve-symlinks-flag": {
            "version": "1.0.0",
            "resolved": "https://www.myget.org/F/oxx-npm/npm/supports-preserve-symlinks-flag/-/supports-preserve-symlinks-flag-1.0.0.tgz",
            "integrity": "sha1-btpL00SjyUrqN21MwxvHcxEDngk=",
            "dev": true
        },
        "tailwindcss": {
            "version": "3.3.3",
            "resolved": "https://www.myget.org/F/oxx-npm/npm/tailwindcss/-/tailwindcss-3.3.3.tgz",
            "integrity": "sha1-kNqAc5OihZGJ5I6ecADmiApzba8=",
            "dev": true,
            "requires": {
                "@alloc/quick-lru": "^5.2.0",
                "arg": "^5.0.2",
                "chokidar": "^3.5.3",
                "didyoumean": "^1.2.2",
                "dlv": "^1.1.3",
                "fast-glob": "^3.2.12",
                "glob-parent": "^6.0.2",
                "is-glob": "^4.0.3",
                "jiti": "^1.18.2",
                "lilconfig": "^2.1.0",
                "micromatch": "^4.0.5",
                "normalize-path": "^3.0.0",
                "object-hash": "^3.0.0",
                "picocolors": "^1.0.0",
                "postcss": "^8.4.23",
                "postcss-import": "^15.1.0",
                "postcss-js": "^4.0.1",
                "postcss-load-config": "^4.0.1",
                "postcss-nested": "^6.0.1",
                "postcss-selector-parser": "^6.0.11",
                "resolve": "^1.22.2",
                "sucrase": "^3.32.0"
            }
        },
        "thenify": {
            "version": "3.3.1",
            "resolved": "https://www.myget.org/F/oxx-npm/npm/thenify/-/thenify-3.3.1.tgz",
            "integrity": "sha1-iTLmhqQGYDigFt2eLKRq3Zg4qV8=",
            "dev": true,
            "requires": {
                "any-promise": "^1.0.0"
            }
        },
        "thenify-all": {
            "version": "1.6.0",
            "resolved": "https://www.myget.org/F/oxx-npm/npm/thenify-all/-/thenify-all-1.6.0.tgz",
            "integrity": "sha1-GhkY1ALY/D+Y+/I02wvMjMEOlyY=",
            "dev": true,
            "requires": {
                "thenify": ">= 3.1.0 < 4"
            }
        },
        "to-regex-range": {
            "version": "5.0.1",
            "resolved": "https://www.myget.org/F/oxx-npm/npm/to-regex-range/-/to-regex-range-5.0.1.tgz",
            "integrity": "sha1-FkjESq58jZiKMmAY7XL1tN0DkuQ=",
            "dev": true,
            "requires": {
                "is-number": "^7.0.0"
            }
        },
        "ts-interface-checker": {
            "version": "0.1.13",
            "resolved": "https://www.myget.org/F/oxx-npm/npm/ts-interface-checker/-/ts-interface-checker-0.1.13.tgz",
            "integrity": "sha1-eE/T1nlyK8EDsbS4AwvN212yppk=",
            "dev": true
        },
        "util-deprecate": {
            "version": "1.0.2",
            "resolved": "https://www.myget.org/F/oxx-npm/npm/util-deprecate/-/util-deprecate-1.0.2.tgz",
            "integrity": "sha1-RQ1Nyfpw3nMnYvvS1KKJgUGaDM8=",
            "dev": true
        },
        "wrappy": {
            "version": "1.0.2",
            "resolved": "https://www.myget.org/F/oxx-npm/npm/wrappy/-/wrappy-1.0.2.tgz",
            "integrity": "sha1-tSQ9jz7BqjXxNkYFvA0QNuMKtp8=",
            "dev": true
        },
        "yaml": {
            "version": "2.3.2",
            "resolved": "https://www.myget.org/F/oxx-npm/npm/yaml/-/yaml-2.3.2.tgz",
            "integrity": "sha1-9SLbQxPGcaDKljp1Zw8cEuqQkUQ=",
            "dev": true
        }
    }
}
