
Microsoft Visual Studio Solution File, Format Version 12.00
Project("{2150E333-8FDC-42A3-9474-1A3956D46DE8}") = "Solution Items", "Solution Items", "{0C66608F-2A33-4FEE-A320-6597D080E391}"
	ProjectSection(SolutionItems) = preProject
		Directory.Build.props = Directory.Build.props
		Directory.Packages.props = Directory.Packages.props
		docker-compose.yml = docker-compose.yml
	EndProjectSection
EndProject
Project("{2150E333-8FDC-42A3-9474-1A3956D46DE8}") = "src", "src", "{E2A36E37-6669-44EF-8CD7-A40E6116C821}"
EndProject
Project("{2150E333-8FDC-42A3-9474-1A3956D46DE8}") = "Config", "Config", "{0FF1F574-78BA-42BD-AFBE-2412AEA98B4F}"
	ProjectSection(SolutionItems) = preProject
		nuget.config = nuget.config
		.editorconfig = .editorconfig
		.config\dotnet-tools.json = .config\dotnet-tools.json
		..\..\.gitignore = ..\..\.gitignore
	EndProjectSection
EndProject
Project("{FAE04EC0-301F-11D3-BF4B-00C04F79EFBC}") = "IdentityTesting.API", "src\IdentityTesting.API\IdentityTesting.API.csproj", "{F9A9F861-EA9C-49AB-8516-279B6DB7BA97}"
EndProject
Project("{FAE04EC0-301F-11D3-BF4B-00C04F79EFBC}") = "IdentityTesting.API.Identity", "src\IdentityTesting.API.Identity\IdentityTesting.API.Identity.csproj", "{917B28F7-E0F7-4C56-9BCA-2231ECEABE79}"
EndProject
Project("{FAE04EC0-301F-11D3-BF4B-00C04F79EFBC}") = "IdentityTesting.API.Models", "src\IdentityTesting.API.Models\IdentityTesting.API.Models.csproj", "{B9B0A12D-E413-46F1-9E5A-05C03D2B1EEE}"
EndProject
Global
	GlobalSection(SolutionConfigurationPlatforms) = preSolution
		Debug|Any CPU = Debug|Any CPU
		Release|Any CPU = Release|Any CPU
	EndGlobalSection
	GlobalSection(NestedProjects) = preSolution
		{0FF1F574-78BA-42BD-AFBE-2412AEA98B4F} = {0C66608F-2A33-4FEE-A320-6597D080E391}
		{F9A9F861-EA9C-49AB-8516-279B6DB7BA97} = {E2A36E37-6669-44EF-8CD7-A40E6116C821}
		{917B28F7-E0F7-4C56-9BCA-2231ECEABE79} = {E2A36E37-6669-44EF-8CD7-A40E6116C821}
		{B9B0A12D-E413-46F1-9E5A-05C03D2B1EEE} = {E2A36E37-6669-44EF-8CD7-A40E6116C821}
	EndGlobalSection
	GlobalSection(ProjectConfigurationPlatforms) = postSolution
		{F9A9F861-EA9C-49AB-8516-279B6DB7BA97}.Debug|Any CPU.ActiveCfg = Debug|Any CPU
		{F9A9F861-EA9C-49AB-8516-279B6DB7BA97}.Debug|Any CPU.Build.0 = Debug|Any CPU
		{F9A9F861-EA9C-49AB-8516-279B6DB7BA97}.Release|Any CPU.ActiveCfg = Release|Any CPU
		{F9A9F861-EA9C-49AB-8516-279B6DB7BA97}.Release|Any CPU.Build.0 = Release|Any CPU
		{917B28F7-E0F7-4C56-9BCA-2231ECEABE79}.Debug|Any CPU.ActiveCfg = Debug|Any CPU
		{917B28F7-E0F7-4C56-9BCA-2231ECEABE79}.Debug|Any CPU.Build.0 = Debug|Any CPU
		{917B28F7-E0F7-4C56-9BCA-2231ECEABE79}.Release|Any CPU.ActiveCfg = Release|Any CPU
		{917B28F7-E0F7-4C56-9BCA-2231ECEABE79}.Release|Any CPU.Build.0 = Release|Any CPU
		{B9B0A12D-E413-46F1-9E5A-05C03D2B1EEE}.Debug|Any CPU.ActiveCfg = Debug|Any CPU
		{B9B0A12D-E413-46F1-9E5A-05C03D2B1EEE}.Debug|Any CPU.Build.0 = Debug|Any CPU
		{B9B0A12D-E413-46F1-9E5A-05C03D2B1EEE}.Release|Any CPU.ActiveCfg = Release|Any CPU
		{B9B0A12D-E413-46F1-9E5A-05C03D2B1EEE}.Release|Any CPU.Build.0 = Release|Any CPU
	EndGlobalSection
EndGlobal
