
Microsoft Visual Studio Solution File, Format Version 12.00
Project("{FAE04EC0-301F-11D3-BF4B-00C04F79EFBC}") = "Oxx.Backend.Analyzers", "Oxx.Backend.Analyzers\Oxx.Backend.Analyzers\Oxx.Backend.Analyzers.csproj", "{54E32E56-FC45-4907-8BAD-BC304CA3FBD6}"
EndProject
Project("{FAE04EC0-301F-11D3-BF4B-00C04F79EFBC}") = "Oxx.Backend.Analyzers.Sample", "Oxx.Backend.Analyzers\Oxx.Backend.Analyzers.Sample\Oxx.Backend.Analyzers.Sample.csproj", "{1C9A16C5-F9EE-4213-9693-DB6B4EBCA1B6}"
EndProject
Project("{FAE04EC0-301F-11D3-BF4B-00C04F79EFBC}") = "Oxx.Backend.Analyzers.Tests", "Oxx.Backend.Analyzers\Oxx.Backend.Analyzers.Tests\Oxx.Backend.Analyzers.Tests.csproj", "{64B44B94-CEA7-4D47-88B8-7EDDA4F6004B}"
EndProject
Project("{2150E333-8FDC-42A3-9474-1A3956D46DE8}") = "Solution Items", "Solution Items", "{9A8BCDF8-11DB-4CD1-8F3D-092BBDA3BDED}"
	ProjectSection(SolutionItems) = preProject
		Directory.Build.props = Directory.Build.props
		Directory.Packages.props = Directory.Packages.props
	EndProjectSection
EndProject
Global
	GlobalSection(SolutionConfigurationPlatforms) = preSolution
		Debug|Any CPU = Debug|Any CPU
		Release|Any CPU = Release|Any CPU
	EndGlobalSection
	GlobalSection(ProjectConfigurationPlatforms) = postSolution
		{54E32E56-FC45-4907-8BAD-BC304CA3FBD6}.Debug|Any CPU.ActiveCfg = Debug|Any CPU
		{54E32E56-FC45-4907-8BAD-BC304CA3FBD6}.Debug|Any CPU.Build.0 = Debug|Any CPU
		{54E32E56-FC45-4907-8BAD-BC304CA3FBD6}.Release|Any CPU.ActiveCfg = Release|Any CPU
		{54E32E56-FC45-4907-8BAD-BC304CA3FBD6}.Release|Any CPU.Build.0 = Release|Any CPU
		{1C9A16C5-F9EE-4213-9693-DB6B4EBCA1B6}.Debug|Any CPU.ActiveCfg = Debug|Any CPU
		{1C9A16C5-F9EE-4213-9693-DB6B4EBCA1B6}.Debug|Any CPU.Build.0 = Debug|Any CPU
		{1C9A16C5-F9EE-4213-9693-DB6B4EBCA1B6}.Release|Any CPU.ActiveCfg = Release|Any CPU
		{1C9A16C5-F9EE-4213-9693-DB6B4EBCA1B6}.Release|Any CPU.Build.0 = Release|Any CPU
		{64B44B94-CEA7-4D47-88B8-7EDDA4F6004B}.Debug|Any CPU.ActiveCfg = Debug|Any CPU
		{64B44B94-CEA7-4D47-88B8-7EDDA4F6004B}.Debug|Any CPU.Build.0 = Debug|Any CPU
		{64B44B94-CEA7-4D47-88B8-7EDDA4F6004B}.Release|Any CPU.ActiveCfg = Release|Any CPU
		{64B44B94-CEA7-4D47-88B8-7EDDA4F6004B}.Release|Any CPU.Build.0 = Release|Any CPU
	EndGlobalSection
EndGlobal
