
Microsoft Visual Studio Solution File, Format Version 12.00
Project("{2150E333-8FDC-42A3-9474-1A3956D46DE8}") = "src", "src", "{503C6BF1-FA73-40E8-8E4C-EE0650DF7BB1}"
EndProject
Project("{2150E333-8FDC-42A3-9474-1A3956D46DE8}") = "Solution Items", "Solution Items", "{3A2E3A3F-389A-49E6-8C37-F2FDD96C7C3A}"
	ProjectSection(SolutionItems) = preProject
		Directory.Build.props = Directory.Build.props
		Directory.Packages.props = Directory.Packages.props
		.editorconfig = .editorconfig
		nuget.config = nuget.config
		docker-compose.yml = docker-compose.yml
	EndProjectSection
EndProject
Project("{FAE04EC0-301F-11D3-BF4B-00C04F79EFBC}") = "KHtmx", "src\KHtmx\KHtmx.csproj", "{06EB62BC-C177-4854-828E-278FF40D3323}"
EndProject
Project("{2150E333-8FDC-42A3-9474-1A3956D46DE8}") = "telemetry", "telemetry", "{FB4BA946-8045-4BAE-BA35-2CC6E887F3BA}"
	ProjectSection(SolutionItems) = preProject
		telemetry\prometheus.yml = telemetry\prometheus.yml
	EndProjectSection
EndProject
Project("{FAE04EC0-301F-11D3-BF4B-00C04F79EFBC}") = "KHtmx.Persistence", "src\KHtmx.Persistence\KHtmx.Persistence.csproj", "{A214CD7C-60FD-457E-B55C-83AECFF5A371}"
EndProject
Project("{FAE04EC0-301F-11D3-BF4B-00C04F79EFBC}") = "KHtmx.Domain", "src\KHtmx.Domain\KHtmx.Domain.csproj", "{3CAC2D92-5F78-4885-9834-933D6B8081F6}"
EndProject
Project("{FAE04EC0-301F-11D3-BF4B-00C04F79EFBC}") = "KHtmx.Utilities", "src\KHtmx.Utilities\KHtmx.Utilities.csproj", "{3228F6A1-2E2F-4F72-9DEB-2450B3F32ED9}"
EndProject
Global
	GlobalSection(SolutionConfigurationPlatforms) = preSolution
		Debug|Any CPU = Debug|Any CPU
		Release|Any CPU = Release|Any CPU
	EndGlobalSection
	GlobalSection(ProjectConfigurationPlatforms) = postSolution
		{06EB62BC-C177-4854-828E-278FF40D3323}.Debug|Any CPU.ActiveCfg = Debug|Any CPU
		{06EB62BC-C177-4854-828E-278FF40D3323}.Debug|Any CPU.Build.0 = Debug|Any CPU
		{06EB62BC-C177-4854-828E-278FF40D3323}.Release|Any CPU.ActiveCfg = Release|Any CPU
		{06EB62BC-C177-4854-828E-278FF40D3323}.Release|Any CPU.Build.0 = Release|Any CPU
		{A214CD7C-60FD-457E-B55C-83AECFF5A371}.Debug|Any CPU.ActiveCfg = Debug|Any CPU
		{A214CD7C-60FD-457E-B55C-83AECFF5A371}.Debug|Any CPU.Build.0 = Debug|Any CPU
		{A214CD7C-60FD-457E-B55C-83AECFF5A371}.Release|Any CPU.ActiveCfg = Release|Any CPU
		{A214CD7C-60FD-457E-B55C-83AECFF5A371}.Release|Any CPU.Build.0 = Release|Any CPU
		{3CAC2D92-5F78-4885-9834-933D6B8081F6}.Debug|Any CPU.ActiveCfg = Debug|Any CPU
		{3CAC2D92-5F78-4885-9834-933D6B8081F6}.Debug|Any CPU.Build.0 = Debug|Any CPU
		{3CAC2D92-5F78-4885-9834-933D6B8081F6}.Release|Any CPU.ActiveCfg = Release|Any CPU
		{3CAC2D92-5F78-4885-9834-933D6B8081F6}.Release|Any CPU.Build.0 = Release|Any CPU
		{3228F6A1-2E2F-4F72-9DEB-2450B3F32ED9}.Debug|Any CPU.ActiveCfg = Debug|Any CPU
		{3228F6A1-2E2F-4F72-9DEB-2450B3F32ED9}.Debug|Any CPU.Build.0 = Debug|Any CPU
		{3228F6A1-2E2F-4F72-9DEB-2450B3F32ED9}.Release|Any CPU.ActiveCfg = Release|Any CPU
		{3228F6A1-2E2F-4F72-9DEB-2450B3F32ED9}.Release|Any CPU.Build.0 = Release|Any CPU
	EndGlobalSection
	GlobalSection(NestedProjects) = preSolution
		{06EB62BC-C177-4854-828E-278FF40D3323} = {503C6BF1-FA73-40E8-8E4C-EE0650DF7BB1}
		{FB4BA946-8045-4BAE-BA35-2CC6E887F3BA} = {3A2E3A3F-389A-49E6-8C37-F2FDD96C7C3A}
		{A214CD7C-60FD-457E-B55C-83AECFF5A371} = {503C6BF1-FA73-40E8-8E4C-EE0650DF7BB1}
		{3CAC2D92-5F78-4885-9834-933D6B8081F6} = {503C6BF1-FA73-40E8-8E4C-EE0650DF7BB1}
		{3228F6A1-2E2F-4F72-9DEB-2450B3F32ED9} = {503C6BF1-FA73-40E8-8E4C-EE0650DF7BB1}
	EndGlobalSection
EndGlobal
