
Microsoft Visual Studio Solution File, Format Version 12.00
Project("{2150E333-8FDC-42A3-9474-1A3956D46DE8}") = "src", "src", "{503C6BF1-FA73-40E8-8E4C-EE0650DF7BB1}"
EndProject
Project("{2150E333-8FDC-42A3-9474-1A3956D46DE8}") = "Solution Items", "Solution Items", "{3A2E3A3F-389A-49E6-8C37-F2FDD96C7C3A}"
	ProjectSection(SolutionItems) = preProject
		Directory.Build.props = Directory.Build.props
		Directory.Packages.props = Directory.Packages.props
		.editorconfig = .editorconfig
		nuget.config = nuget.config
		docker-compose.yml = docker-compose.yml
		Readme.md = Readme.md
	EndProjectSection
EndProject
Project("{FAE04EC0-301F-11D3-BF4B-00C04F79EFBC}") = "Khtmx.Web", "src\Khtmx.Web\Khtmx.Web.csproj", "{06EB62BC-C177-4854-828E-278FF40D3323}"
EndProject
Project("{2150E333-8FDC-42A3-9474-1A3956D46DE8}") = "telemetry", "telemetry", "{FB4BA946-8045-4BAE-BA35-2CC6E887F3BA}"
	ProjectSection(SolutionItems) = preProject
		telemetry\prometheus.yml = telemetry\prometheus.yml
	EndProjectSection
EndProject
Project("{FAE04EC0-301F-11D3-BF4B-00C04F79EFBC}") = "Khtmx.Persistence", "src\Khtmx.Persistence\Khtmx.Persistence.csproj", "{A214CD7C-60FD-457E-B55C-83AECFF5A371}"
EndProject
Project("{FAE04EC0-301F-11D3-BF4B-00C04F79EFBC}") = "Khtmx.Domain", "src\Khtmx.Domain\Khtmx.Domain.csproj", "{3CAC2D92-5F78-4885-9834-933D6B8081F6}"
EndProject
Project("{FAE04EC0-301F-11D3-BF4B-00C04F79EFBC}") = "Khtmx.Infrastructure", "src\Khtmx.Infrastructure\Khtmx.Infrastructure.csproj", "{88B1F967-8E1B-48FD-985E-B9652F0783D7}"
EndProject
Project("{2150E333-8FDC-42A3-9474-1A3956D46DE8}") = "Core", "Core", "{FF237D33-C559-4B38-B83E-A2FE0919878A}"
EndProject
Project("{2150E333-8FDC-42A3-9474-1A3956D46DE8}") = "External", "External", "{373C8687-3395-4E5D-9221-1548C52D1B4E}"
EndProject
Project("{FAE04EC0-301F-11D3-BF4B-00C04F79EFBC}") = "Khtmx.Application", "src\Khtmx.Application\Khtmx.Application.csproj", "{123108F8-B695-4033-953A-3C4D5317BCF8}"
EndProject
Project("{FAE04EC0-301F-11D3-BF4B-00C04F79EFBC}") = "Khtmx.Presentation", "src\Khtmx.Presentation\Khtmx.Presentation.csproj", "{4CD58F66-6C3C-4784-BDDB-0AB1F901F09D}"
EndProject
Project("{2150E333-8FDC-42A3-9474-1A3956D46DE8}") = "tests", "tests", "{78121C2E-EAEA-4C28-905D-46CC3D67454A}"
EndProject
Project("{FAE04EC0-301F-11D3-BF4B-00C04F79EFBC}") = "Architecture.Tests", "tests\Architecture.Tests\Architecture.Tests.csproj", "{89D52639-3F3F-407F-99F7-D349FD222ECB}"
EndProject
Global
	GlobalSection(SolutionConfigurationPlatforms) = preSolution
		Debug|Any CPU = Debug|Any CPU
		Release|Any CPU = Release|Any CPU
	EndGlobalSection
	GlobalSection(ProjectConfigurationPlatforms) = postSolution
		{06EB62BC-C177-4854-828E-278FF40D3323}.Debug|Any CPU.ActiveCfg = Debug|Any CPU
		{06EB62BC-C177-4854-828E-278FF40D3323}.Debug|Any CPU.Build.0 = Debug|Any CPU
		{06EB62BC-C177-4854-828E-278FF40D3323}.Release|Any CPU.ActiveCfg = Release|Any CPU
		{06EB62BC-C177-4854-828E-278FF40D3323}.Release|Any CPU.Build.0 = Release|Any CPU
		{A214CD7C-60FD-457E-B55C-83AECFF5A371}.Debug|Any CPU.ActiveCfg = Debug|Any CPU
		{A214CD7C-60FD-457E-B55C-83AECFF5A371}.Debug|Any CPU.Build.0 = Debug|Any CPU
		{A214CD7C-60FD-457E-B55C-83AECFF5A371}.Release|Any CPU.ActiveCfg = Release|Any CPU
		{A214CD7C-60FD-457E-B55C-83AECFF5A371}.Release|Any CPU.Build.0 = Release|Any CPU
		{3CAC2D92-5F78-4885-9834-933D6B8081F6}.Debug|Any CPU.ActiveCfg = Debug|Any CPU
		{3CAC2D92-5F78-4885-9834-933D6B8081F6}.Debug|Any CPU.Build.0 = Debug|Any CPU
		{3CAC2D92-5F78-4885-9834-933D6B8081F6}.Release|Any CPU.ActiveCfg = Release|Any CPU
		{3CAC2D92-5F78-4885-9834-933D6B8081F6}.Release|Any CPU.Build.0 = Release|Any CPU
		{88B1F967-8E1B-48FD-985E-B9652F0783D7}.Debug|Any CPU.ActiveCfg = Debug|Any CPU
		{88B1F967-8E1B-48FD-985E-B9652F0783D7}.Debug|Any CPU.Build.0 = Debug|Any CPU
		{88B1F967-8E1B-48FD-985E-B9652F0783D7}.Release|Any CPU.ActiveCfg = Release|Any CPU
		{88B1F967-8E1B-48FD-985E-B9652F0783D7}.Release|Any CPU.Build.0 = Release|Any CPU
		{123108F8-B695-4033-953A-3C4D5317BCF8}.Debug|Any CPU.ActiveCfg = Debug|Any CPU
		{123108F8-B695-4033-953A-3C4D5317BCF8}.Debug|Any CPU.Build.0 = Debug|Any CPU
		{123108F8-B695-4033-953A-3C4D5317BCF8}.Release|Any CPU.ActiveCfg = Release|Any CPU
		{123108F8-B695-4033-953A-3C4D5317BCF8}.Release|Any CPU.Build.0 = Release|Any CPU
		{4CD58F66-6C3C-4784-BDDB-0AB1F901F09D}.Debug|Any CPU.ActiveCfg = Debug|Any CPU
		{4CD58F66-6C3C-4784-BDDB-0AB1F901F09D}.Debug|Any CPU.Build.0 = Debug|Any CPU
		{4CD58F66-6C3C-4784-BDDB-0AB1F901F09D}.Release|Any CPU.ActiveCfg = Release|Any CPU
		{4CD58F66-6C3C-4784-BDDB-0AB1F901F09D}.Release|Any CPU.Build.0 = Release|Any CPU
		{89D52639-3F3F-407F-99F7-D349FD222ECB}.Debug|Any CPU.ActiveCfg = Debug|Any CPU
		{89D52639-3F3F-407F-99F7-D349FD222ECB}.Debug|Any CPU.Build.0 = Debug|Any CPU
		{89D52639-3F3F-407F-99F7-D349FD222ECB}.Release|Any CPU.ActiveCfg = Release|Any CPU
		{89D52639-3F3F-407F-99F7-D349FD222ECB}.Release|Any CPU.Build.0 = Release|Any CPU
	EndGlobalSection
	GlobalSection(NestedProjects) = preSolution
		{FB4BA946-8045-4BAE-BA35-2CC6E887F3BA} = {3A2E3A3F-389A-49E6-8C37-F2FDD96C7C3A}
		{FF237D33-C559-4B38-B83E-A2FE0919878A} = {503C6BF1-FA73-40E8-8E4C-EE0650DF7BB1}
		{373C8687-3395-4E5D-9221-1548C52D1B4E} = {503C6BF1-FA73-40E8-8E4C-EE0650DF7BB1}
		{88B1F967-8E1B-48FD-985E-B9652F0783D7} = {373C8687-3395-4E5D-9221-1548C52D1B4E}
		{3CAC2D92-5F78-4885-9834-933D6B8081F6} = {FF237D33-C559-4B38-B83E-A2FE0919878A}
		{123108F8-B695-4033-953A-3C4D5317BCF8} = {FF237D33-C559-4B38-B83E-A2FE0919878A}
		{A214CD7C-60FD-457E-B55C-83AECFF5A371} = {373C8687-3395-4E5D-9221-1548C52D1B4E}
		{06EB62BC-C177-4854-828E-278FF40D3323} = {503C6BF1-FA73-40E8-8E4C-EE0650DF7BB1}
		{4CD58F66-6C3C-4784-BDDB-0AB1F901F09D} = {373C8687-3395-4E5D-9221-1548C52D1B4E}
		{89D52639-3F3F-407F-99F7-D349FD222ECB} = {78121C2E-EAEA-4C28-905D-46CC3D67454A}
	EndGlobalSection
EndGlobal
