{
  "nodes": {
    "nixpkgs": {
      "locked": {
        "lastModified": 0,
        "narHash": "sha256-ImiTRIcOId8P/02OFogwmSc4L/ELuw2K3wPnNDcnva4=",
        "path": "/nix/store/a4x4zaqm735azgvbgl6n6av97s81y9g8-source",
        "type": "path"
      },
      "original": {
        "id": "nixpkgs",
        "type": "indirect"
      }
    },
    "root": {
      "inputs": {
        "nixpkgs": "nixpkgs"
      }
    }
  },
  "root": "root",
  "version": 7
}
